
Microsoft Visual Studio Solution File, Format Version 12.00
# Visual Studio Version 17
VisualStudioVersion = 17.13.35931.197 d17.13
MinimumVisualStudioVersion = 10.0.40219.1
Project("{FAE04EC0-301F-11D3-BF4B-00C04F79EFBC}") = "Ex 4", "Ex 4\Ex 4.csproj", "{063B68F2-0DEB-47E2-9B50-4EE6069235DF}"
EndProject
Global
	GlobalSection(SolutionConfigurationPlatforms) = preSolution
		Debug|Any CPU = Debug|Any CPU
		Release|Any CPU = Release|Any CPU
	EndGlobalSection
	GlobalSection(ProjectConfigurationPlatforms) = postSolution
		{063B68F2-0DEB-47E2-9B50-4EE6069235DF}.Debug|Any CPU.ActiveCfg = Debug|Any CPU
		{063B68F2-0DEB-47E2-9B50-4EE6069235DF}.Debug|Any CPU.Build.0 = Debug|Any CPU
		{063B68F2-0DEB-47E2-9B50-4EE6069235DF}.Release|Any CPU.ActiveCfg = Release|Any CPU
		{063B68F2-0DEB-47E2-9B50-4EE6069235DF}.Release|Any CPU.Build.0 = Release|Any CPU
	EndGlobalSection
	GlobalSection(SolutionProperties) = preSolution
		HideSolutionNode = FALSE
	EndGlobalSection
	GlobalSection(ExtensibilityGlobals) = postSolution
		SolutionGuid = {B89BF924-91E9-41D6-A2B7-377C4282F2BE}
	EndGlobalSection
EndGlobal
