
Microsoft Visual Studio Solution File, Format Version 12.00
# Visual Studio Version 17
VisualStudioVersion = 17.13.35931.197 d17.13
MinimumVisualStudioVersion = 10.0.40219.1
Project("{FAE04EC0-301F-11D3-BF4B-00C04F79EFBC}") = "Ex 6", "Ex 6\Ex 6.csproj", "{C5F00D4C-ECF8-4E55-863B-52F708BCDF09}"
EndProject
Global
	GlobalSection(SolutionConfigurationPlatforms) = preSolution
		Debug|Any CPU = Debug|Any CPU
		Release|Any CPU = Release|Any CPU
	EndGlobalSection
	GlobalSection(ProjectConfigurationPlatforms) = postSolution
		{C5F00D4C-ECF8-4E55-863B-52F708BCDF09}.Debug|Any CPU.ActiveCfg = Debug|Any CPU
		{C5F00D4C-ECF8-4E55-863B-52F708BCDF09}.Debug|Any CPU.Build.0 = Debug|Any CPU
		{C5F00D4C-ECF8-4E55-863B-52F708BCDF09}.Release|Any CPU.ActiveCfg = Release|Any CPU
		{C5F00D4C-ECF8-4E55-863B-52F708BCDF09}.Release|Any CPU.Build.0 = Release|Any CPU
	EndGlobalSection
	GlobalSection(SolutionProperties) = preSolution
		HideSolutionNode = FALSE
	EndGlobalSection
	GlobalSection(ExtensibilityGlobals) = postSolution
		SolutionGuid = {36E5C0D0-2DD2-4B43-86CF-16F572ADC3A8}
	EndGlobalSection
EndGlobal
