
Microsoft Visual Studio Solution File, Format Version 12.00
# Visual Studio Version 17
VisualStudioVersion = 17.13.35931.197 d17.13
MinimumVisualStudioVersion = 10.0.40219.1
Project("{FAE04EC0-301F-11D3-BF4B-00C04F79EFBC}") = "Ex 05", "Ex 05\Ex 05.csproj", "{3B6DA1D3-21FA-4424-B709-5097E08D58E3}"
EndProject
Global
	GlobalSection(SolutionConfigurationPlatforms) = preSolution
		Debug|Any CPU = Debug|Any CPU
		Release|Any CPU = Release|Any CPU
	EndGlobalSection
	GlobalSection(ProjectConfigurationPlatforms) = postSolution
		{3B6DA1D3-21FA-4424-B709-5097E08D58E3}.Debug|Any CPU.ActiveCfg = Debug|Any CPU
		{3B6DA1D3-21FA-4424-B709-5097E08D58E3}.Debug|Any CPU.Build.0 = Debug|Any CPU
		{3B6DA1D3-21FA-4424-B709-5097E08D58E3}.Release|Any CPU.ActiveCfg = Release|Any CPU
		{3B6DA1D3-21FA-4424-B709-5097E08D58E3}.Release|Any CPU.Build.0 = Release|Any CPU
	EndGlobalSection
	GlobalSection(SolutionProperties) = preSolution
		HideSolutionNode = FALSE
	EndGlobalSection
	GlobalSection(ExtensibilityGlobals) = postSolution
		SolutionGuid = {A29180F6-C96E-4BB1-B7FC-B58671AF32B0}
	EndGlobalSection
EndGlobal
