
Microsoft Visual Studio Solution File, Format Version 12.00
# Visual Studio Version 17
VisualStudioVersion = 17.13.35931.197 d17.13
MinimumVisualStudioVersion = 10.0.40219.1
Project("{FAE04EC0-301F-11D3-BF4B-00C04F79EFBC}") = "Array simples", "Array simples\Array simples.csproj", "{05DC20F2-0B6A-4324-8321-2FD6D2B53439}"
EndProject
Global
	GlobalSection(SolutionConfigurationPlatforms) = preSolution
		Debug|Any CPU = Debug|Any CPU
		Release|Any CPU = Release|Any CPU
	EndGlobalSection
	GlobalSection(ProjectConfigurationPlatforms) = postSolution
		{05DC20F2-0B6A-4324-8321-2FD6D2B53439}.Debug|Any CPU.ActiveCfg = Debug|Any CPU
		{05DC20F2-0B6A-4324-8321-2FD6D2B53439}.Debug|Any CPU.Build.0 = Debug|Any CPU
		{05DC20F2-0B6A-4324-8321-2FD6D2B53439}.Release|Any CPU.ActiveCfg = Release|Any CPU
		{05DC20F2-0B6A-4324-8321-2FD6D2B53439}.Release|Any CPU.Build.0 = Release|Any CPU
	EndGlobalSection
	GlobalSection(SolutionProperties) = preSolution
		HideSolutionNode = FALSE
	EndGlobalSection
	GlobalSection(ExtensibilityGlobals) = postSolution
		SolutionGuid = {74162454-6D61-4D21-BAD2-B5B1BC2BF7CE}
	EndGlobalSection
EndGlobal
