
Microsoft Visual Studio Solution File, Format Version 12.00
# Visual Studio Version 17
VisualStudioVersion = 17.13.35931.197 d17.13
MinimumVisualStudioVersion = 10.0.40219.1
Project("{FAE04EC0-301F-11D3-BF4B-00C04F79EFBC}") = "Ex 4", "Ex 4\Ex 4.csproj", "{B4973591-F76D-49A3-9593-1823B563C740}"
EndProject
Global
	GlobalSection(SolutionConfigurationPlatforms) = preSolution
		Debug|Any CPU = Debug|Any CPU
		Release|Any CPU = Release|Any CPU
	EndGlobalSection
	GlobalSection(ProjectConfigurationPlatforms) = postSolution
		{B4973591-F76D-49A3-9593-1823B563C740}.Debug|Any CPU.ActiveCfg = Debug|Any CPU
		{B4973591-F76D-49A3-9593-1823B563C740}.Debug|Any CPU.Build.0 = Debug|Any CPU
		{B4973591-F76D-49A3-9593-1823B563C740}.Release|Any CPU.ActiveCfg = Release|Any CPU
		{B4973591-F76D-49A3-9593-1823B563C740}.Release|Any CPU.Build.0 = Release|Any CPU
	EndGlobalSection
	GlobalSection(SolutionProperties) = preSolution
		HideSolutionNode = FALSE
	EndGlobalSection
	GlobalSection(ExtensibilityGlobals) = postSolution
		SolutionGuid = {A86DB3B2-FFB4-41A6-AEB2-B831B4B386D2}
	EndGlobalSection
EndGlobal
