
Microsoft Visual Studio Solution File, Format Version 12.00
# Visual Studio Version 17
VisualStudioVersion = 17.13.35931.197 d17.13
MinimumVisualStudioVersion = 10.0.40219.1
Project("{FAE04EC0-301F-11D3-BF4B-00C04F79EFBC}") = "DADI-12-04", "DADI-12-04\DADI-12-04.csproj", "{A60E1DF5-1916-4841-8A61-660A28C7162B}"
EndProject
Global
	GlobalSection(SolutionConfigurationPlatforms) = preSolution
		Debug|Any CPU = Debug|Any CPU
		Release|Any CPU = Release|Any CPU
	EndGlobalSection
	GlobalSection(ProjectConfigurationPlatforms) = postSolution
		{A60E1DF5-1916-4841-8A61-660A28C7162B}.Debug|Any CPU.ActiveCfg = Debug|Any CPU
		{A60E1DF5-1916-4841-8A61-660A28C7162B}.Debug|Any CPU.Build.0 = Debug|Any CPU
		{A60E1DF5-1916-4841-8A61-660A28C7162B}.Release|Any CPU.ActiveCfg = Release|Any CPU
		{A60E1DF5-1916-4841-8A61-660A28C7162B}.Release|Any CPU.Build.0 = Release|Any CPU
	EndGlobalSection
	GlobalSection(SolutionProperties) = preSolution
		HideSolutionNode = FALSE
	EndGlobalSection
	GlobalSection(ExtensibilityGlobals) = postSolution
		SolutionGuid = {125DA155-CFA8-4D06-B265-CE367EB3CDA0}
	EndGlobalSection
EndGlobal
